# THIS IS AN AUTOGENERATED FILE. DO NOT EDIT THIS FILE DIRECTLY.
# yarn lockfile v1


"@types/geojson@^1.0.0":
  version "1.0.4"
  resolved "http://registry.npm.taobao.org/@types/geojson/download/@types/geojson-1.0.4.tgz#f6e011bf3f7eea616cce79b6f1a0722010822f3a"

ansi-regex@^2.0.0:
  version "2.1.1"
  resolved "http://registry.npm.taobao.org/ansi-regex/download/ansi-regex-2.1.1.tgz#c3b33ab5ee360d86e0e628f0468ae7ef27d654df"

async@^2.1.5:
  version "2.5.0"
  resolved "http://registry.npm.taobao.org/async/download/async-2.5.0.tgz#843190fd6b7357a0b9e1c956edddd5ec8462b54d"
  dependencies:
    lodash "^4.14.0"

balanced-match@^1.0.0:
  version "1.0.0"
  resolved "http://registry.npm.taobao.org/balanced-match/download/balanced-match-1.0.0.tgz#89b4d199ab2bee49de164ea02b89ce462d71b767"

bignumber.js@4.0.2:
  version "4.0.2"
  resolved "http://registry.npm.taobao.org/bignumber.js/download/bignumber.js-4.0.2.tgz#2d1dc37ee5968867ecea90b6da4d16e68608d21d"

bluebird@^3.3.4, bluebird@^3.4.6:
  version "3.5.0"
  resolved "http://registry.npm.taobao.org/bluebird/download/bluebird-3.5.0.tgz#791420d7f551eea2897453a8a77653f96606d67c"

brace-expansion@^1.1.7:
  version "1.1.8"
  resolved "http://registry.npm.taobao.org/brace-expansion/download/brace-expansion-1.1.8.tgz#c07b211c7c952ec1f8efd51a77ef0d1d3990a292"
  dependencies:
    balanced-match "^1.0.0"
    concat-map "0.0.1"

builtin-modules@^1.0.0:
  version "1.1.1"
  resolved "http://registry.npm.taobao.org/builtin-modules/download/builtin-modules-1.1.1.tgz#270f076c5a72c02f5b65a47df94c5fe3a278892f"

camelcase@^3.0.0:
  version "3.0.0"
  resolved "http://registry.npm.taobao.org/camelcase/download/camelcase-3.0.0.tgz#32fc4b9fcdaf845fcdf7e73bb97cac2261f0ab0a"

cliui@^3.2.0:
  version "3.2.0"
  resolved "http://registry.npm.taobao.org/cliui/download/cliui-3.2.0.tgz#120601537a916d29940f934da3b48d585a39213d"
  dependencies:
    string-width "^1.0.1"
    strip-ansi "^3.0.1"
    wrap-ansi "^2.0.0"

code-point-at@^1.0.0:
  version "1.1.0"
  resolved "http://registry.npm.taobao.org/code-point-at/download/code-point-at-1.1.0.tgz#0d070b4d043a5bea33a2f1a40e2edb3d9a4ccf77"

commander@^2.11.0:
  version "2.11.0"
  resolved "http://registry.npm.taobao.org/commander/download/commander-2.11.0.tgz#157152fd1e7a6c8d98a5b715cf376df928004563"

concat-map@0.0.1:
  version "0.0.1"
  resolved "http://registry.npm.taobao.org/concat-map/download/concat-map-0.0.1.tgz#d8a96bd77fd68df7793a73036a3ba0d5405d477b"

core-util-is@~1.0.0:
  version "1.0.2"
  resolved "http://registry.npm.taobao.org/core-util-is/download/core-util-is-1.0.2.tgz#b5fd54220aa2bc5ab57aab7140c940754503c1a7"

debug@^2.2.0:
  version "2.6.9"
  resolved "http://registry.npm.taobao.org/debug/download/debug-2.6.9.tgz#5d128515df134ff327e90a4c93f4e077a536341f"
  dependencies:
    ms "2.0.0"

decamelize@^1.1.1:
  version "1.2.0"
  resolved "http://registry.npm.taobao.org/decamelize/download/decamelize-1.2.0.tgz#f6534d15148269b20352e7bee26f501f9a191290"

depd@^1.1.0:
  version "1.1.1"
  resolved "http://registry.npm.taobao.org/depd/download/depd-1.1.1.tgz#5783b4e1c459f06fa5ca27f991f3d06e7a310359"

dottie@^1.0.0:
  version "1.1.1"
  resolved "http://registry.npm.taobao.org/dottie/download/dottie-1.1.1.tgz#45c2a3f48bd6528eeed267a69a848eaaca6faa6a"

error-ex@^1.2.0:
  version "1.3.1"
  resolved "http://registry.npm.taobao.org/error-ex/download/error-ex-1.3.1.tgz#f855a86ce61adc4e8621c3cda21e7a7612c3a8dc"
  dependencies:
    is-arrayish "^0.2.1"

fill-keys@^1.0.2:
  version "1.0.2"
  resolved "http://registry.npm.taobao.org/fill-keys/download/fill-keys-1.0.2.tgz#9a8fa36f4e8ad634e3bf6b4f3c8882551452eb20"
  dependencies:
    is-object "~1.0.1"
    merge-descriptors "~1.0.0"

find-up@^1.0.0:
  version "1.1.2"
  resolved "http://registry.npm.taobao.org/find-up/download/find-up-1.1.2.tgz#6b2e9822b1a2ce0a60ab64d610eccad53cb24d0f"
  dependencies:
    path-exists "^2.0.0"
    pinkie-promise "^2.0.0"

fs-extra@^0.30.0:
  version "0.30.0"
  resolved "http://registry.npm.taobao.org/fs-extra/download/fs-extra-0.30.0.tgz#f233ffcc08d4da7d432daa449776989db1df93f0"
  dependencies:
    graceful-fs "^4.1.2"
    jsonfile "^2.1.0"
    klaw "^1.0.0"
    path-is-absolute "^1.0.0"
    rimraf "^2.2.8"

fs.realpath@^1.0.0:
  version "1.0.0"
  resolved "http://registry.npm.taobao.org/fs.realpath/download/fs.realpath-1.0.0.tgz#1504ad2523158caa40db4a2787cb01411994ea4f"

generic-pool@2.4.2:
  version "2.4.2"
  resolved "http://registry.npm.taobao.org/generic-pool/download/generic-pool-2.4.2.tgz#886bc5bf0beb7db96e81bcbba078818de5a62683"

get-caller-file@^1.0.1:
  version "1.0.2"
  resolved "http://registry.npm.taobao.org/get-caller-file/download/get-caller-file-1.0.2.tgz#f702e63127e7e231c160a80c1554acb70d5047e5"

glob@^7.0.5:
  version "7.1.2"
  resolved "http://registry.npm.taobao.org/glob/download/glob-7.1.2.tgz#c19c9df9a028702d678612384a6552404c636d15"
  dependencies:
    fs.realpath "^1.0.0"
    inflight "^1.0.4"
    inherits "2"
    minimatch "^3.0.4"
    once "^1.3.0"
    path-is-absolute "^1.0.0"

graceful-fs-extra@^2.0.0:
  version "2.0.0"
  resolved "http://registry.npm.taobao.org/graceful-fs-extra/download/graceful-fs-extra-2.0.0.tgz#7d1e57fcc726e2b0cc707d78b4acea542fa9be4e"
  dependencies:
    fs-extra "^0.30.0"
    graceful-ncp "^3.0.0"
    proxyquire "^1.4.0"

graceful-fs@^4.1.2, graceful-fs@^4.1.4, graceful-fs@^4.1.6, graceful-fs@^4.1.9:
  version "4.1.11"
  resolved "http://registry.npm.taobao.org/graceful-fs/download/graceful-fs-4.1.11.tgz#0e8bdfe4d1ddb8854d64e04ea7c00e2a026e5658"

graceful-ncp@^3.0.0:
  version "3.0.0"
  resolved "http://registry.npm.taobao.org/graceful-ncp/download/graceful-ncp-3.0.0.tgz#5805ea25585ef984cccaa8086a3c530ee4128a8a"
  dependencies:
    graceful-fs "^4.1.4"
    ncp "^2.0.0"
    proxyquire "^1.4.0"

hosted-git-info@^2.1.4:
  version "2.5.0"
  resolved "http://registry.npm.taobao.org/hosted-git-info/download/hosted-git-info-2.5.0.tgz#6d60e34b3abbc8313062c3b798ef8d901a07af3c"

inflection@^1.6.0:
  version "1.12.0"
  resolved "http://registry.npm.taobao.org/inflection/download/inflection-1.12.0.tgz#a200935656d6f5f6bc4dc7502e1aecb703228416"

inflight@^1.0.4:
  version "1.0.6"
  resolved "http://registry.npm.taobao.org/inflight/download/inflight-1.0.6.tgz#49bd6331d7d02d0c09bc910a1075ba8165b56df9"
  dependencies:
    once "^1.3.0"
    wrappy "1"

inherits@2, inherits@~2.0.3:
  version "2.0.3"
  resolved "http://registry.npm.taobao.org/inherits/download/inherits-2.0.3.tgz#633c2c83e3da42a502f52466022480f4208261de"

invert-kv@^1.0.0:
  version "1.0.0"
  resolved "http://registry.npm.taobao.org/invert-kv/download/invert-kv-1.0.0.tgz#104a8e4aaca6d3d8cd157a8ef8bfab2d7a3ffdb6"

is-arrayish@^0.2.1:
  version "0.2.1"
  resolved "http://registry.npm.taobao.org/is-arrayish/download/is-arrayish-0.2.1.tgz#77c99840527aa8ecb1a8ba697b80645a7a926a9d"

is-builtin-module@^1.0.0:
  version "1.0.0"
  resolved "http://registry.npm.taobao.org/is-builtin-module/download/is-builtin-module-1.0.0.tgz#540572d34f7ac3119f8f76c30cbc1b1e037affbe"
  dependencies:
    builtin-modules "^1.0.0"

is-fullwidth-code-point@^1.0.0:
  version "1.0.0"
  resolved "http://registry.npm.taobao.org/is-fullwidth-code-point/download/is-fullwidth-code-point-1.0.0.tgz#ef9e31386f031a7f0d643af82fde50c457ef00cb"
  dependencies:
    number-is-nan "^1.0.0"

is-object@~1.0.1:
  version "1.0.1"
  resolved "http://registry.npm.taobao.org/is-object/download/is-object-1.0.1.tgz#8952688c5ec2ffd6b03ecc85e769e02903083470"

is-utf8@^0.2.0:
  version "0.2.1"
  resolved "http://registry.npm.taobao.org/is-utf8/download/is-utf8-0.2.1.tgz#4b0da1442104d1b336340e80797e865cf39f7d72"

isarray@~1.0.0:
  version "1.0.0"
  resolved "http://registry.npm.taobao.org/isarray/download/isarray-1.0.0.tgz#bb935d48582cba168c06834957a54a3e07124f11"

jsonfile@^2.1.0:
  version "2.4.0"
  resolved "http://registry.npm.taobao.org/jsonfile/download/jsonfile-2.4.0.tgz#3736a2b428b87bbda0cc83b53fa3d633a35c2ae8"
  optionalDependencies:
    graceful-fs "^4.1.6"

klaw@^1.0.0:
  version "1.3.1"
  resolved "http://registry.npm.taobao.org/klaw/download/klaw-1.3.1.tgz#4088433b46b3b1ba259d78785d8e96f73ba02439"
  optionalDependencies:
    graceful-fs "^4.1.9"

lcid@^1.0.0:
  version "1.0.0"
  resolved "http://registry.npm.taobao.org/lcid/download/lcid-1.0.0.tgz#308accafa0bc483a3867b4b6f2b9506251d1b835"
  dependencies:
    invert-kv "^1.0.0"

load-json-file@^1.0.0:
  version "1.1.0"
  resolved "http://registry.npm.taobao.org/load-json-file/download/load-json-file-1.1.0.tgz#956905708d58b4bab4c2261b04f59f31c99374c0"
  dependencies:
    graceful-fs "^4.1.2"
    parse-json "^2.2.0"
    pify "^2.0.0"
    pinkie-promise "^2.0.0"
    strip-bom "^2.0.0"

lodash@4.12.0:
  version "4.12.0"
  resolved "http://registry.npm.taobao.org/lodash/download/lodash-4.12.0.tgz#2bd6dc46a040f59e686c972ed21d93dc59053258"

lodash@^4.14.0:
  version "4.17.4"
  resolved "http://registry.npm.taobao.org/lodash/download/lodash-4.17.4.tgz#78203a4d1c328ae1d86dca6460e369b57f4055ae"

merge-descriptors@~1.0.0:
  version "1.0.1"
  resolved "http://registry.npm.taobao.org/merge-descriptors/download/merge-descriptors-1.0.1.tgz#b00aaa556dd8b44568150ec9d1b953f3f90cbb61"

minimatch@^3.0.4:
  version "3.0.4"
  resolved "http://registry.npm.taobao.org/minimatch/download/minimatch-3.0.4.tgz#5166e286457f03306064be5497e8dbb0c3d32083"
  dependencies:
    brace-expansion "^1.1.7"

minimist@0.0.8:
  version "0.0.8"
  resolved "http://registry.npm.taobao.org/minimist/download/minimist-0.0.8.tgz#857fcabfc3397d2625b8228262e86aa7a011b05d"

mkdirp@^0.5.1:
  version "0.5.1"
  resolved "http://registry.npm.taobao.org/mkdirp/download/mkdirp-0.5.1.tgz#30057438eac6cf7f8c4767f38648d6697d75c903"
  dependencies:
    minimist "0.0.8"

module-not-found-error@^1.0.0:
  version "1.0.1"
  resolved "http://registry.npm.taobao.org/module-not-found-error/download/module-not-found-error-1.0.1.tgz#cf8b4ff4f29640674d6cdd02b0e3bc523c2bbdc0"

moment-timezone@^0.5.4:
  version "0.5.13"
  resolved "http://registry.npm.taobao.org/moment-timezone/download/moment-timezone-0.5.13.tgz#99ce5c7d827262eb0f1f702044177f60745d7b90"
  dependencies:
    moment ">= 2.9.0"

"moment@>= 2.9.0", moment@^2.13.0:
  version "2.18.1"
  resolved "http://registry.npm.taobao.org/moment/download/moment-2.18.1.tgz#c36193dd3ce1c2eed2adb7c802dbbc77a81b1c0f"

ms@2.0.0:
  version "2.0.0"
  resolved "http://registry.npm.taobao.org/ms/download/ms-2.0.0.tgz#5608aeadfc00be6c2901df5f9861788de0d597c8"

mysql@^2.14.1:
  version "2.14.1"
  resolved "http://registry.npm.taobao.org/mysql/download/mysql-2.14.1.tgz#e9324015e810a50abda94855cab41edfad56284a"
  dependencies:
    bignumber.js "4.0.2"
    readable-stream "2.3.3"
    safe-buffer "5.1.1"
    sqlstring "2.2.0"

ncp@^2.0.0:
  version "2.0.0"
  resolved "http://registry.npm.taobao.org/ncp/download/ncp-2.0.0.tgz#195a21d6c46e361d2fb1281ba38b91e9df7bdbb3"

normalize-package-data@^2.3.2:
  version "2.4.0"
  resolved "http://registry.npm.taobao.org/normalize-package-data/download/normalize-package-data-2.4.0.tgz#12f95a307d58352075a04907b84ac8be98ac012f"
  dependencies:
    hosted-git-info "^2.1.4"
    is-builtin-module "^1.0.0"
    semver "2 || 3 || 4 || 5"
    validate-npm-package-license "^3.0.1"

number-is-nan@^1.0.0:
  version "1.0.1"
  resolved "http://registry.npm.taobao.org/number-is-nan/download/number-is-nan-1.0.1.tgz#097b602b53422a522c1afb8790318336941a011d"

once@^1.3.0:
  version "1.4.0"
  resolved "http://registry.npm.taobao.org/once/download/once-1.4.0.tgz#583b1aa775961d4b113ac17d9c50baef9dd76bd1"
  dependencies:
    wrappy "1"

os-locale@^1.4.0:
  version "1.4.0"
  resolved "http://registry.npm.taobao.org/os-locale/download/os-locale-1.4.0.tgz#20f9f17ae29ed345e8bde583b13d2009803c14d9"
  dependencies:
    lcid "^1.0.0"

parse-json@^2.2.0:
  version "2.2.0"
  resolved "http://registry.npm.taobao.org/parse-json/download/parse-json-2.2.0.tgz#f480f40434ef80741f8469099f8dea18f55a4dc9"
  dependencies:
    error-ex "^1.2.0"

path-exists@^2.0.0:
  version "2.1.0"
  resolved "http://registry.npm.taobao.org/path-exists/download/path-exists-2.1.0.tgz#0feb6c64f0fc518d9a754dd5efb62c7022761f4b"
  dependencies:
    pinkie-promise "^2.0.0"

path-is-absolute@^1.0.0:
  version "1.0.1"
  resolved "http://registry.npm.taobao.org/path-is-absolute/download/path-is-absolute-1.0.1.tgz#174b9268735534ffbc7ace6bf53a5a9e1b5c5f5f"

path-type@^1.0.0:
  version "1.1.0"
  resolved "http://registry.npm.taobao.org/path-type/download/path-type-1.1.0.tgz#59c44f7ee491da704da415da5a4070ba4f8fe441"
  dependencies:
    graceful-fs "^4.1.2"
    pify "^2.0.0"
    pinkie-promise "^2.0.0"

pify@^2.0.0:
  version "2.3.0"
  resolved "http://registry.npm.taobao.org/pify/download/pify-2.3.0.tgz#ed141a6ac043a849ea588498e7dca8b15330e90c"

pinkie-promise@^2.0.0:
  version "2.0.1"
  resolved "http://registry.npm.taobao.org/pinkie-promise/download/pinkie-promise-2.0.1.tgz#2135d6dfa7a358c069ac9b178776288228450ffa"
  dependencies:
    pinkie "^2.0.0"

pinkie@^2.0.0:
  version "2.0.4"
  resolved "http://registry.npm.taobao.org/pinkie/download/pinkie-2.0.4.tgz#72556b80cfa0d48a974e80e77248e80ed4f7f870"

process-nextick-args@~1.0.6:
  version "1.0.7"
  resolved "http://registry.npm.taobao.org/process-nextick-args/download/process-nextick-args-1.0.7.tgz#150e20b756590ad3f91093f25a4f2ad8bff30ba3"

proxyquire@^1.4.0:
  version "1.8.0"
  resolved "http://registry.npm.taobao.org/proxyquire/download/proxyquire-1.8.0.tgz#02d514a5bed986f04cbb2093af16741535f79edc"
  dependencies:
    fill-keys "^1.0.2"
    module-not-found-error "^1.0.0"
    resolve "~1.1.7"

read-pkg-up@^1.0.1:
  version "1.0.1"
  resolved "http://registry.npm.taobao.org/read-pkg-up/download/read-pkg-up-1.0.1.tgz#9d63c13276c065918d57f002a57f40a1b643fb02"
  dependencies:
    find-up "^1.0.0"
    read-pkg "^1.0.0"

read-pkg@^1.0.0:
  version "1.1.0"
  resolved "http://registry.npm.taobao.org/read-pkg/download/read-pkg-1.1.0.tgz#f5ffaa5ecd29cb31c0474bca7d756b6bb29e3f28"
  dependencies:
    load-json-file "^1.0.0"
    normalize-package-data "^2.3.2"
    path-type "^1.0.0"

readable-stream@2.3.3:
  version "2.3.3"
  resolved "http://registry.npm.taobao.org/readable-stream/download/readable-stream-2.3.3.tgz#368f2512d79f9d46fdfc71349ae7878bbc1eb95c"
  dependencies:
    core-util-is "~1.0.0"
    inherits "~2.0.3"
    isarray "~1.0.0"
    process-nextick-args "~1.0.6"
    safe-buffer "~5.1.1"
    string_decoder "~1.0.3"
    util-deprecate "~1.0.1"

require-directory@^2.1.1:
  version "2.1.1"
  resolved "http://registry.npm.taobao.org/require-directory/download/require-directory-2.1.1.tgz#8c64ad5fd30dab1c976e2344ffe7f792a6a6df42"

require-main-filename@^1.0.1:
  version "1.0.1"
  resolved "http://registry.npm.taobao.org/require-main-filename/download/require-main-filename-1.0.1.tgz#97f717b69d48784f5f526a6c5aa8ffdda055a4d1"

resolve@~1.1.7:
  version "1.1.7"
  resolved "http://registry.npm.taobao.org/resolve/download/resolve-1.1.7.tgz#203114d82ad2c5ed9e8e0411b3932875e889e97b"

retry-as-promised@^2.0.0:
  version "2.3.1"
  resolved "http://registry.npm.taobao.org/retry-as-promised/download/retry-as-promised-2.3.1.tgz#f75059183f9730771c09bad1eed57537931cbc9d"
  dependencies:
    bluebird "^3.4.6"
    debug "^2.2.0"

rimraf@^2.2.8:
  version "2.6.2"
  resolved "http://registry.npm.taobao.org/rimraf/download/rimraf-2.6.2.tgz#2ed8150d24a16ea8651e6d6ef0f47c4158ce7a36"
  dependencies:
    glob "^7.0.5"

safe-buffer@5.1.1, safe-buffer@~5.1.0, safe-buffer@~5.1.1:
  version "5.1.1"
  resolved "http://registry.npm.taobao.org/safe-buffer/download/safe-buffer-5.1.1.tgz#893312af69b2123def71f57889001671eeb2c853"

"semver@2 || 3 || 4 || 5", semver@^5.0.1:
  version "5.4.1"
  resolved "http://registry.npm.taobao.org/semver/download/semver-5.4.1.tgz#e059c09d8571f0540823733433505d3a2f00b18e"

sequelize-auto@^0.4.28:
  version "0.4.28"
  resolved "http://registry.npm.taobao.org/sequelize-auto/download/sequelize-auto-0.4.28.tgz#9102048a9e37aec30c434d1c75556f7aed10f6f1"
  dependencies:
    async "^2.1.5"
    graceful-fs-extra "^2.0.0"
    mkdirp "^0.5.1"
    sequelize "^3.30.2"
    yargs "^6.6.0"

sequelize@^3.30.2:
  version "3.30.4"
  resolved "http://registry.npm.taobao.org/sequelize/download/sequelize-3.30.4.tgz#bda2df1e31854b099e4149a111e9fc0a5ca1d1a4"
  dependencies:
    bluebird "^3.3.4"
    depd "^1.1.0"
    dottie "^1.0.0"
    generic-pool "2.4.2"
    inflection "^1.6.0"
    lodash "4.12.0"
    moment "^2.13.0"
    moment-timezone "^0.5.4"
    retry-as-promised "^2.0.0"
    semver "^5.0.1"
    shimmer "1.1.0"
    terraformer-wkt-parser "^1.1.0"
    toposort-class "^1.0.1"
    uuid "^3.0.0"
    validator "^5.2.0"
    wkx "0.2.0"

set-blocking@^2.0.0:
  version "2.0.0"
  resolved "http://registry.npm.taobao.org/set-blocking/download/set-blocking-2.0.0.tgz#045f9782d011ae9a6803ddd382b24392b3d890f7"

shimmer@1.1.0:
  version "1.1.0"
  resolved "http://registry.npm.taobao.org/shimmer/download/shimmer-1.1.0.tgz#97d7377137ffbbab425522e429fe0aa89a488b35"

spdx-correct@~1.0.0:
  version "1.0.2"
  resolved "http://registry.npm.taobao.org/spdx-correct/download/spdx-correct-1.0.2.tgz#4b3073d933ff51f3912f03ac5519498a4150db40"
  dependencies:
    spdx-license-ids "^1.0.2"

spdx-expression-parse@~1.0.0:
  version "1.0.4"
  resolved "http://registry.npm.taobao.org/spdx-expression-parse/download/spdx-expression-parse-1.0.4.tgz#9bdf2f20e1f40ed447fbe273266191fced51626c"

spdx-license-ids@^1.0.2:
  version "1.2.2"
  resolved "http://registry.npm.taobao.org/spdx-license-ids/download/spdx-license-ids-1.2.2.tgz#c9df7a3424594ade6bd11900d596696dc06bac57"

sqlstring@2.2.0:
  version "2.2.0"
  resolved "http://registry.npm.taobao.org/sqlstring/download/sqlstring-2.2.0.tgz#c3135c4ea8abcd7e7ee741a4966a891d86a4f191"

string-width@^1.0.1, string-width@^1.0.2:
  version "1.0.2"
  resolved "http://registry.npm.taobao.org/string-width/download/string-width-1.0.2.tgz#118bdf5b8cdc51a2a7e70d211e07e2b0b9b107d3"
  dependencies:
    code-point-at "^1.0.0"
    is-fullwidth-code-point "^1.0.0"
    strip-ansi "^3.0.0"

string_decoder@~1.0.3:
  version "1.0.3"
  resolved "http://registry.npm.taobao.org/string_decoder/download/string_decoder-1.0.3.tgz#0fc67d7c141825de94282dd536bec6b9bce860ab"
  dependencies:
    safe-buffer "~5.1.0"

strip-ansi@^3.0.0, strip-ansi@^3.0.1:
  version "3.0.1"
  resolved "http://registry.npm.taobao.org/strip-ansi/download/strip-ansi-3.0.1.tgz#6a385fb8853d952d5ff05d0e8aaf94278dc63dcf"
  dependencies:
    ansi-regex "^2.0.0"

strip-bom@^2.0.0:
  version "2.0.0"
  resolved "http://registry.npm.taobao.org/strip-bom/download/strip-bom-2.0.0.tgz#6219a85616520491f35788bdbf1447a99c7e6b0e"
  dependencies:
    is-utf8 "^0.2.0"

terraformer-wkt-parser@^1.1.0:
  version "1.1.2"
  resolved "http://registry.npm.taobao.org/terraformer-wkt-parser/download/terraformer-wkt-parser-1.1.2.tgz#336a0c8fc82094a5aff83288f69aedecd369bf0c"
  dependencies:
    terraformer "~1.0.5"

terraformer@~1.0.5:
  version "1.0.8"
  resolved "http://registry.npm.taobao.org/terraformer/download/terraformer-1.0.8.tgz#51e0ad89746fcf2161dc6f65aa70e42377c8b593"
  dependencies:
    "@types/geojson" "^1.0.0"

toposort-class@^1.0.1:
  version "1.0.1"
  resolved "http://registry.npm.taobao.org/toposort-class/download/toposort-class-1.0.1.tgz#7ffd1f78c8be28c3ba45cd4e1a3f5ee193bd9988"

util-deprecate@~1.0.1:
  version "1.0.2"
  resolved "http://registry.npm.taobao.org/util-deprecate/download/util-deprecate-1.0.2.tgz#450d4dc9fa70de732762fbd2d4a28981419a0ccf"

uuid@^3.0.0:
  version "3.1.0"
  resolved "http://registry.npm.taobao.org/uuid/download/uuid-3.1.0.tgz#3dd3d3e790abc24d7b0d3a034ffababe28ebbc04"

validate-npm-package-license@^3.0.1:
  version "3.0.1"
  resolved "http://registry.npm.taobao.org/validate-npm-package-license/download/validate-npm-package-license-3.0.1.tgz#2804babe712ad3379459acfbe24746ab2c303fbc"
  dependencies:
    spdx-correct "~1.0.0"
    spdx-expression-parse "~1.0.0"

validator@^5.2.0:
  version "5.7.0"
  resolved "http://registry.npm.taobao.org/validator/download/validator-5.7.0.tgz#7a87a58146b695ac486071141c0c49d67da05e5c"

which-module@^1.0.0:
  version "1.0.0"
  resolved "http://registry.npm.taobao.org/which-module/download/which-module-1.0.0.tgz#bba63ca861948994ff307736089e3b96026c2a4f"

wkx@0.2.0:
  version "0.2.0"
  resolved "http://registry.npm.taobao.org/wkx/download/wkx-0.2.0.tgz#76c24f16acd0cd8f93cd34aa331e0f7961256e84"

wrap-ansi@^2.0.0:
  version "2.1.0"
  resolved "http://registry.npm.taobao.org/wrap-ansi/download/wrap-ansi-2.1.0.tgz#d8fc3d284dd05794fe84973caecdd1cf824fdd85"
  dependencies:
    string-width "^1.0.1"
    strip-ansi "^3.0.1"

wrappy@1:
  version "1.0.2"
  resolved "http://registry.npm.taobao.org/wrappy/download/wrappy-1.0.2.tgz#b5243d8f3ec1aa35f1364605bc0d1036e30ab69f"

y18n@^3.2.1:
  version "3.2.1"
  resolved "http://registry.npm.taobao.org/y18n/download/y18n-3.2.1.tgz#6d15fba884c08679c0d77e88e7759e811e07fa41"

yargs-parser@^4.2.0:
  version "4.2.1"
  resolved "http://registry.npm.taobao.org/yargs-parser/download/yargs-parser-4.2.1.tgz#29cceac0dc4f03c6c87b4a9f217dd18c9f74871c"
  dependencies:
    camelcase "^3.0.0"

yargs@^6.6.0:
  version "6.6.0"
  resolved "http://registry.npm.taobao.org/yargs/download/yargs-6.6.0.tgz#782ec21ef403345f830a808ca3d513af56065208"
  dependencies:
    camelcase "^3.0.0"
    cliui "^3.2.0"
    decamelize "^1.1.1"
    get-caller-file "^1.0.1"
    os-locale "^1.4.0"
    read-pkg-up "^1.0.1"
    require-directory "^2.1.1"
    require-main-filename "^1.0.1"
    set-blocking "^2.0.0"
    string-width "^1.0.2"
    which-module "^1.0.0"
    y18n "^3.2.1"
    yargs-parser "^4.2.0"
